
Microsoft Visual Studio Solution File, Format Version 12.00
# Visual Studio Version 16
VisualStudioVersion = 16.0.30011.22
MinimumVisualStudioVersion = 10.0.40219.1
Project("{FAE04EC0-301F-11D3-BF4B-00C04F79EFBC}") = "showmeminmaxnumber", "showmeminmaxnumber\showmeminmaxnumber.csproj", "{6BBE2745-A672-4895-8E82-DA6F24E73158}"
EndProject
Global
	GlobalSection(SolutionConfigurationPlatforms) = preSolution
		Debug|Any CPU = Debug|Any CPU
		Release|Any CPU = Release|Any CPU
	EndGlobalSection
	GlobalSection(ProjectConfigurationPlatforms) = postSolution
		{6BBE2745-A672-4895-8E82-DA6F24E73158}.Debug|Any CPU.ActiveCfg = Debug|Any CPU
		{6BBE2745-A672-4895-8E82-DA6F24E73158}.Debug|Any CPU.Build.0 = Debug|Any CPU
		{6BBE2745-A672-4895-8E82-DA6F24E73158}.Release|Any CPU.ActiveCfg = Release|Any CPU
		{6BBE2745-A672-4895-8E82-DA6F24E73158}.Release|Any CPU.Build.0 = Release|Any CPU
	EndGlobalSection
	GlobalSection(SolutionProperties) = preSolution
		HideSolutionNode = FALSE
	EndGlobalSection
	GlobalSection(ExtensibilityGlobals) = postSolution
		SolutionGuid = {F908B6A1-6711-45C7-8AAF-757D322DEEC5}
	EndGlobalSection
EndGlobal
